
Microsoft Visual Studio Solution File, Format Version 12.00
# Visual Studio Version 17
VisualStudioVersion = 17.11.35208.52
MinimumVisualStudioVersion = 10.0.40219.1
Project("{FAE04EC0-301F-11D3-BF4B-00C04F79EFBC}") = "Ejercicio #2", "Ejercicio #2\Ejercicio #2.csproj", "{F377DFC4-F21C-4DA1-BB97-27DB17D71E59}"
EndProject
Global
	GlobalSection(SolutionConfigurationPlatforms) = preSolution
		Debug|Any CPU = Debug|Any CPU
		Release|Any CPU = Release|Any CPU
	EndGlobalSection
	GlobalSection(ProjectConfigurationPlatforms) = postSolution
		{F377DFC4-F21C-4DA1-BB97-27DB17D71E59}.Debug|Any CPU.ActiveCfg = Debug|Any CPU
		{F377DFC4-F21C-4DA1-BB97-27DB17D71E59}.Debug|Any CPU.Build.0 = Debug|Any CPU
		{F377DFC4-F21C-4DA1-BB97-27DB17D71E59}.Release|Any CPU.ActiveCfg = Release|Any CPU
		{F377DFC4-F21C-4DA1-BB97-27DB17D71E59}.Release|Any CPU.Build.0 = Release|Any CPU
	EndGlobalSection
	GlobalSection(SolutionProperties) = preSolution
		HideSolutionNode = FALSE
	EndGlobalSection
	GlobalSection(ExtensibilityGlobals) = postSolution
		SolutionGuid = {DC744FC6-83E1-4772-AD99-9441AFC2AEE8}
	EndGlobalSection
EndGlobal
