
Microsoft Visual Studio Solution File, Format Version 12.00
# Visual Studio Version 17
VisualStudioVersion = 17.11.35208.52
MinimumVisualStudioVersion = 10.0.40219.1
Project("{FAE04EC0-301F-11D3-BF4B-00C04F79EFBC}") = "Ejercicio #4", "Ejercicio #4\Ejercicio #4.csproj", "{C5828254-B1A0-4058-853E-AC6E971BE4D6}"
EndProject
Global
	GlobalSection(SolutionConfigurationPlatforms) = preSolution
		Debug|Any CPU = Debug|Any CPU
		Release|Any CPU = Release|Any CPU
	EndGlobalSection
	GlobalSection(ProjectConfigurationPlatforms) = postSolution
		{C5828254-B1A0-4058-853E-AC6E971BE4D6}.Debug|Any CPU.ActiveCfg = Debug|Any CPU
		{C5828254-B1A0-4058-853E-AC6E971BE4D6}.Debug|Any CPU.Build.0 = Debug|Any CPU
		{C5828254-B1A0-4058-853E-AC6E971BE4D6}.Release|Any CPU.ActiveCfg = Release|Any CPU
		{C5828254-B1A0-4058-853E-AC6E971BE4D6}.Release|Any CPU.Build.0 = Release|Any CPU
	EndGlobalSection
	GlobalSection(SolutionProperties) = preSolution
		HideSolutionNode = FALSE
	EndGlobalSection
	GlobalSection(ExtensibilityGlobals) = postSolution
		SolutionGuid = {B41035B9-F11A-4CDF-A6E7-F2602F22D1CE}
	EndGlobalSection
EndGlobal
