
Microsoft Visual Studio Solution File, Format Version 12.00
# Visual Studio Version 17
VisualStudioVersion = 17.11.35208.52
MinimumVisualStudioVersion = 10.0.40219.1
Project("{FAE04EC0-301F-11D3-BF4B-00C04F79EFBC}") = "Compras", "Compras\Compras.csproj", "{EDCD83D5-2ED2-4EBC-AC19-2C8FE387AE72}"
EndProject
Global
	GlobalSection(SolutionConfigurationPlatforms) = preSolution
		Debug|Any CPU = Debug|Any CPU
		Release|Any CPU = Release|Any CPU
	EndGlobalSection
	GlobalSection(ProjectConfigurationPlatforms) = postSolution
		{EDCD83D5-2ED2-4EBC-AC19-2C8FE387AE72}.Debug|Any CPU.ActiveCfg = Debug|Any CPU
		{EDCD83D5-2ED2-4EBC-AC19-2C8FE387AE72}.Debug|Any CPU.Build.0 = Debug|Any CPU
		{EDCD83D5-2ED2-4EBC-AC19-2C8FE387AE72}.Release|Any CPU.ActiveCfg = Release|Any CPU
		{EDCD83D5-2ED2-4EBC-AC19-2C8FE387AE72}.Release|Any CPU.Build.0 = Release|Any CPU
	EndGlobalSection
	GlobalSection(SolutionProperties) = preSolution
		HideSolutionNode = FALSE
	EndGlobalSection
	GlobalSection(ExtensibilityGlobals) = postSolution
		SolutionGuid = {CAB7F0E5-9BC6-4C52-944B-0DAC06B2D929}
	EndGlobalSection
EndGlobal
